
Microsoft Visual Studio Solution File, Format Version 12.00
# Visual Studio Version 17
VisualStudioVersion = 17.14.36414.22
MinimumVisualStudioVersion = 10.0.40219.1
Project("{FAE04EC0-301F-11D3-BF4B-00C04F79EFBC}") = "Peliculas.Core", "Peliculas.Core\Peliculas.Core.csproj", "{D6AE2C44-E959-4400-B56C-CA12353E0145}"
EndProject
Project("{FAE04EC0-301F-11D3-BF4B-00C04F79EFBC}") = "Peliculas.WinForms", "Peliculas.WinForms\Peliculas.WinForms.csproj", "{6F3039E9-3528-47E1-B4A8-AA7FD15E7E69}"
EndProject
Project("{FAE04EC0-301F-11D3-BF4B-00C04F79EFBC}") = "Peliculas.Web", "Peliculas.Web\Peliculas.Web.csproj", "{BDA7A6AD-BB3E-496B-95C0-B9E3E0F02AE8}"
EndProject
Global
	GlobalSection(SolutionConfigurationPlatforms) = preSolution
		Debug|Any CPU = Debug|Any CPU
		Release|Any CPU = Release|Any CPU
	EndGlobalSection
	GlobalSection(ProjectConfigurationPlatforms) = postSolution
		{D6AE2C44-E959-4400-B56C-CA12353E0145}.Debug|Any CPU.ActiveCfg = Debug|Any CPU
		{D6AE2C44-E959-4400-B56C-CA12353E0145}.Debug|Any CPU.Build.0 = Debug|Any CPU
		{D6AE2C44-E959-4400-B56C-CA12353E0145}.Release|Any CPU.ActiveCfg = Release|Any CPU
		{D6AE2C44-E959-4400-B56C-CA12353E0145}.Release|Any CPU.Build.0 = Release|Any CPU
		{6F3039E9-3528-47E1-B4A8-AA7FD15E7E69}.Debug|Any CPU.ActiveCfg = Debug|Any CPU
		{6F3039E9-3528-47E1-B4A8-AA7FD15E7E69}.Debug|Any CPU.Build.0 = Debug|Any CPU
		{6F3039E9-3528-47E1-B4A8-AA7FD15E7E69}.Release|Any CPU.ActiveCfg = Release|Any CPU
		{6F3039E9-3528-47E1-B4A8-AA7FD15E7E69}.Release|Any CPU.Build.0 = Release|Any CPU
		{BDA7A6AD-BB3E-496B-95C0-B9E3E0F02AE8}.Debug|Any CPU.ActiveCfg = Debug|Any CPU
		{BDA7A6AD-BB3E-496B-95C0-B9E3E0F02AE8}.Debug|Any CPU.Build.0 = Debug|Any CPU
		{BDA7A6AD-BB3E-496B-95C0-B9E3E0F02AE8}.Release|Any CPU.ActiveCfg = Release|Any CPU
		{BDA7A6AD-BB3E-496B-95C0-B9E3E0F02AE8}.Release|Any CPU.Build.0 = Release|Any CPU
	EndGlobalSection
	GlobalSection(SolutionProperties) = preSolution
		HideSolutionNode = FALSE
	EndGlobalSection
	GlobalSection(ExtensibilityGlobals) = postSolution
		SolutionGuid = {D5D6CAE5-F6E4-437B-8F39-2FB3042645CE}
	EndGlobalSection
EndGlobal
